// !$*UTF8*$!
/* Author: MUI group 3 */
{
	archiveVersion = 1;
	classes = {
	};
	objectVersion = 77;
	objects = {

/* Begin PBXFileReference section */
		4B1C00000000000000000001 /* MUI_Lightning_Group_3.app */ = {isa = PBXFileReference; explicitFileType = wrapper.application; includeInIndex = 0; path = MUI_Lightning_Group_3.app; sourceTree = BUILT_PRODUCTS_DIR; };
		4B1C00000000000000000010 /* MUI_Lightning_Group_3-Info.plist */ = {isa = PBXFileReference; lastKnownFileType = text.plist.xml; path = "MUI_Lightning_Group_3-Info.plist"; sourceTree = "<group>"; };
		4B1C00000000000000000011 /* README.md */ = {isa = PBXFileReference; lastKnownFileType = net.daringfireball.markdown; path = README.md; sourceTree = "<group>"; };
/* End PBXFileReference section */

/* Begin PBXFileSystemSynchronizedRootGroup section */
		4B1C00000000000000000002 /* MUI_Lightning_Group_3 */ = {
			isa = PBXFileSystemSynchronizedRootGroup;
			path = MUI_Lightning_Group_3;
			sourceTree = "<group>";
		};
/* End PBXFileSystemSynchronizedRootGroup section */

/* Begin PBXFrameworksBuildPhase section */
		4B1C00000000000000000006 /* Frameworks */ = {
			isa = PBXFrameworksBuildPhase;
			buildActionMask = 2147483647;
			files = (
			);
			runOnlyForDeploymentPostprocessing = 0;
		};
/* End PBXFrameworksBuildPhase section */

/* Begin PBXGroup section */
		4B1C00000000000000000003 = {
			isa = PBXGroup;
			children = (
				4B1C00000000000000000011 /* README.md */,
				4B1C00000000000000000010 /* MUI_Lightning_Group_3-Info.plist */,
				4B1C00000000000000000002 /* MUI_Lightning_Group_3 */,
				4B1C00000000000000000004 /* Products */,
			);
			sourceTree = "<group>";
		};
		4B1C00000000000000000004 /* Products */ = {
			isa = PBXGroup;
			children = (
				4B1C00000000000000000001 /* MUI_Lightning_Group_3.app */,
			);
			name = Products;
			sourceTree = "<group>";
		};
/* End PBXGroup section */

/* Begin PBXNativeTarget section */
		4B1C00000000000000000008 /* MUI_Lightning_Group_3 */ = {
			isa = PBXNativeTarget;
			buildConfigurationList = 4B1C0000000000000000000A /* Build configuration list for PBXNativeTarget "MUI_Lightning_Group_3" */;
			buildPhases = (
				4B1C00000000000000000005 /* Sources */,
				4B1C00000000000000000006 /* Frameworks */,
				4B1C00000000000000000007 /* Resources */,
			);
			buildRules = (
			);
			dependencies = (
			);
			fileSystemSynchronizedGroups = (
				4B1C00000000000000000002 /* MUI_Lightning_Group_3 */,
			);
			name = MUI_Lightning_Group_3;
			packageProductDependencies = (
			);
			productName = MUI_Lightning_Group_3;
			productReference = 4B1C00000000000000000001 /* MUI_Lightning_Group_3.app */;
			productType = "com.apple.product-type.application";
		};
/* End PBXNativeTarget section */

/* Begin PBXProject section */
		4B1C00000000000000000009 /* Project object */ = {
			isa = PBXProject;
			attributes = {
				BuildIndependentTargetsInParallel = 1;
				LastSwiftUpdateCheck = 1600;
				LastUpgradeCheck = 1600;
				ORGANIZATIONNAME = "MUI group 3";
				TargetAttributes = {
					4B1C00000000000000000008 = {
						CreatedOnToolsVersion = 16.0;
					};
				};
			};
			buildConfigurationList = 4B1C0000000000000000000B /* Build configuration list for PBXProject "MUI_Lightning_Group_3" */;
			developmentRegion = en;
			hasScannedForEncodings = 0;
			knownRegions = (
				en,
				Base,
			);
			mainGroup = 4B1C00000000000000000003;
			minimizedProjectReferenceProxies = 1;
			preferredProjectObjectVersion = 77;
			productRefGroup = 4B1C00000000000000000004 /* Products */;
			projectDirPath = "";
			projectRoot = "";
			targets = (
				4B1C00000000000000000008 /* MUI_Lightning_Group_3 */,
			);
		};
/* End PBXProject section */

/* Begin PBXResourcesBuildPhase section */
		4B1C00000000000000000007 /* Resources */ = {
			isa = PBXResourcesBuildPhase;
			buildActionMask = 2147483647;
			files = (
			);
			runOnlyForDeploymentPostprocessing = 0;
		};
/* End PBXResourcesBuildPhase section */

/* Begin PBXSourcesBuildPhase section */
		4B1C00000000000000000005 /* Sources */ = {
			isa = PBXSourcesBuildPhase;
			buildActionMask = 2147483647;
			files = (
			);
			runOnlyForDeploymentPostprocessing = 0;
		};
/* End PBXSourcesBuildPhase section */

/* Begin XCBuildConfiguration section */
		4B1C0000000000000000000C /* Debug */ = {
			isa = XCBuildConfiguration;
			buildSettings = {
				ALWAYS_SEARCH_USER_PATHS = NO;
				CLANG_ENABLE_MODULES = YES;
				CLANG_ENABLE_OBJC_ARC = YES;
				COPY_PHASE_STRIP = NO;
				DEBUG_INFORMATION_FORMAT = dwarf;
				ENABLE_STRICT_OBJC_MSGSEND = YES;
				ENABLE_TESTABILITY = YES;
				ENABLE_USER_SCRIPT_SANDBOXING = YES;
				GCC_DYNAMIC_NO_PIC = NO;
				GCC_OPTIMIZATION_LEVEL = 0;
				GCC_PREPROCESSOR_DEFINITIONS = (
					"DEBUG=1",
					"$(inherited)",
				);
				MTL_ENABLE_DEBUG_INFO = INCLUDE_SOURCE;
				ONLY_ACTIVE_ARCH = YES;
				SDKROOT = xros;
				SWIFT_ACTIVE_COMPILATION_CONDITIONS = "DEBUG $(inherited)";
				SWIFT_OPTIMIZATION_LEVEL = "-Onone";
				XROS_DEPLOYMENT_TARGET = 2.0;
			};
			name = Debug;
		};
		4B1C0000000000000000000D /* Release */ = {
			isa = XCBuildConfiguration;
			buildSettings = {
				ALWAYS_SEARCH_USER_PATHS = NO;
				CLANG_ENABLE_MODULES = YES;
				CLANG_ENABLE_OBJC_ARC = YES;
				COPY_PHASE_STRIP = NO;
				DEBUG_INFORMATION_FORMAT = "dwarf-with-dsym";
				ENABLE_NS_ASSERTIONS = NO;
				ENABLE_STRICT_OBJC_MSGSEND = YES;
				ENABLE_USER_SCRIPT_SANDBOXING = YES;
				MTL_ENABLE_DEBUG_INFO = NO;
				SDKROOT = xros;
				SWIFT_COMPILATION_MODE = wholemodule;
				VALIDATE_PRODUCT = YES;
				XROS_DEPLOYMENT_TARGET = 2.0;
			};
			name = Release;
		};
		4B1C0000000000000000000E /* Debug */ = {
			isa = XCBuildConfiguration;
			buildSettings = {
				CODE_SIGN_STYLE = Automatic;
				CURRENT_PROJECT_VERSION = 1;
				DEVELOPMENT_TEAM = "";
				ENABLE_PREVIEWS = YES;
				GENERATE_INFOPLIST_FILE = YES;
				INFOPLIST_FILE = "MUI_Lightning_Group_3-Info.plist";
				INFOPLIST_KEY_CFBundleDisplayName = "MUI Lightning Group 3";
				INFOPLIST_KEY_NSWorldSensingUsageDescription = "Used to keep the controls in view and to align the storm with the landscape model.";
				LD_RUNPATH_SEARCH_PATHS = (
					"$(inherited)",
					"@executable_path/Frameworks",
				);
				MARKETING_VERSION = 1.0;
				PRODUCT_BUNDLE_IDENTIFIER = ch.zhdk.iad.MUILightningGroup3;
				PRODUCT_NAME = "$(TARGET_NAME)";
				SUPPORTED_PLATFORMS = "xros xrsimulator";
				SWIFT_EMIT_LOC_STRINGS = YES;
				SWIFT_VERSION = 5.0;
				TARGETED_DEVICE_FAMILY = 7;
			};
			name = Debug;
		};
		4B1C0000000000000000000F /* Release */ = {
			isa = XCBuildConfiguration;
			buildSettings = {
				CODE_SIGN_STYLE = Automatic;
				CURRENT_PROJECT_VERSION = 1;
				DEVELOPMENT_TEAM = "";
				ENABLE_PREVIEWS = YES;
				GENERATE_INFOPLIST_FILE = YES;
				INFOPLIST_FILE = "MUI_Lightning_Group_3-Info.plist";
				INFOPLIST_KEY_CFBundleDisplayName = "MUI Lightning Group 3";
				INFOPLIST_KEY_NSWorldSensingUsageDescription = "Used to keep the controls in view and to align the storm with the landscape model.";
				LD_RUNPATH_SEARCH_PATHS = (
					"$(inherited)",
					"@executable_path/Frameworks",
				);
				MARKETING_VERSION = 1.0;
				PRODUCT_BUNDLE_IDENTIFIER = ch.zhdk.iad.MUILightningGroup3;
				PRODUCT_NAME = "$(TARGET_NAME)";
				SUPPORTED_PLATFORMS = "xros xrsimulator";
				SWIFT_EMIT_LOC_STRINGS = YES;
				SWIFT_VERSION = 5.0;
				TARGETED_DEVICE_FAMILY = 7;
			};
			name = Release;
		};
/* End XCBuildConfiguration section */

/* Begin XCConfigurationList section */
		4B1C0000000000000000000A /* Build configuration list for PBXNativeTarget "MUI_Lightning_Group_3" */ = {
			isa = XCConfigurationList;
			buildConfigurations = (
				4B1C0000000000000000000E /* Debug */,
				4B1C0000000000000000000F /* Release */,
			);
			defaultConfigurationIsVisible = 0;
			defaultConfigurationName = Release;
		};
		4B1C0000000000000000000B /* Build configuration list for PBXProject "MUI_Lightning_Group_3" */ = {
			isa = XCConfigurationList;
			buildConfigurations = (
				4B1C0000000000000000000C /* Debug */,
				4B1C0000000000000000000D /* Release */,
			);
			defaultConfigurationIsVisible = 0;
			defaultConfigurationName = Release;
		};
/* End XCConfigurationList section */
	};
	rootObject = 4B1C00000000000000000009 /* Project object */;
}
